github.com/gopher-go/viber v1.0.2 h1:NIPMLsOHTF/v4j1fueZetFfJiiKNejGwAcIMg6FsYvs=
github.com/gopher-go/viber v1.0.2/go.mod h1:wuUXvTk0A8oJxL9NCE/ELfeUR3JGLAaFqO4hLMDOCTQ=
github.com/gopher-go/viber v1.0.3 h1:PYFjf6eCw92HJY5LKT+GGsHDFCGOOeaP5I/gWsxQatU=
github.com/gopher-go/viber v1.0.3/go.mod h1:wuUXvTk0A8oJxL9NCE/ELfeUR3JGLAaFqO4hLMDOCTQ=
